// !$*UTF8*$!
{
	archiveVersion = 1;
	classes = {
	};
	objectVersion = 46;
	objects = {

/* Begin PBXBuildFile section */
		9A873CD518DA347F00471C35 /* Foundation.framework in Frameworks */ = {isa = PBXBuildFile; fileRef = 9A873CD418DA347F00471C35 /* Foundation.framework */; };
		9A873CD718DA347F00471C35 /* CoreGraphics.framework in Frameworks */ = {isa = PBXBuildFile; fileRef = 9A873CD618DA347F00471C35 /* CoreGraphics.framework */; };
		9A873CD918DA347F00471C35 /* UIKit.framework in Frameworks */ = {isa = PBXBuildFile; fileRef = 9A873CD818DA347F00471C35 /* UIKit.framework */; };
		9A873CDF18DA347F00471C35 /* InfoPlist.strings in Resources */ = {isa = PBXBuildFile; fileRef = 9A873CDD18DA347F00471C35 /* InfoPlist.strings */; };
		9A873CE118DA347F00471C35 /* main.m in Sources */ = {isa = PBXBuildFile; fileRef = 9A873CE018DA347F00471C35 /* main.m */; };
		9AB8B51B18E1AA9700569D92 /* Images.xcassets in Resources */ = {isa = PBXBuildFile; fileRef = 9AB8B51A18E1AA9700569D92 /* Images.xcassets */; };
		9AB8B51F18E1AB0200569D92 /* AppDelegate.m in Sources */ = {isa = PBXBuildFile; fileRef = 9AB8B51E18E1AB0200569D92 /* AppDelegate.m */; };
		9AB8B52918E1AC2400569D92 /* SplashStartupVC.m in Sources */ = {isa = PBXBuildFile; fileRef = 9AB8B52218E1AC2400569D92 /* SplashStartupVC.m */; };
		9AB8B52A18E1AC2400569D92 /* SplashStartupVC.xib in Resources */ = {isa = PBXBuildFile; fileRef = 9AB8B52518E1AC2400569D92 /* SplashStartupVC.xib */; };
/* End PBXBuildFile section */

/* Begin PBXFileReference section */
		9A873CD118DA347F00471C35 /* itrackmygps.app */ = {isa = PBXFileReference; explicitFileType = wrapper.application; includeInIndex = 0; path = itrackmygps.app; sourceTree = BUILT_PRODUCTS_DIR; };
		9A873CD418DA347F00471C35 /* Foundation.framework */ = {isa = PBXFileReference; lastKnownFileType = wrapper.framework; name = Foundation.framework; path = System/Library/Frameworks/Foundation.framework; sourceTree = SDKROOT; };
		9A873CD618DA347F00471C35 /* CoreGraphics.framework */ = {isa = PBXFileReference; lastKnownFileType = wrapper.framework; name = CoreGraphics.framework; path = System/Library/Frameworks/CoreGraphics.framework; sourceTree = SDKROOT; };
		9A873CD818DA347F00471C35 /* UIKit.framework */ = {isa = PBXFileReference; lastKnownFileType = wrapper.framework; name = UIKit.framework; path = System/Library/Frameworks/UIKit.framework; sourceTree = SDKROOT; };
		9A873CDC18DA347F00471C35 /* itrackmygps-Info.plist */ = {isa = PBXFileReference; lastKnownFileType = text.plist.xml; path = "itrackmygps-Info.plist"; sourceTree = "<group>"; };
		9A873CDE18DA347F00471C35 /* en */ = {isa = PBXFileReference; lastKnownFileType = text.plist.strings; name = en; path = en.lproj/InfoPlist.strings; sourceTree = "<group>"; };
		9A873CE018DA347F00471C35 /* main.m */ = {isa = PBXFileReference; lastKnownFileType = sourcecode.c.objc; path = main.m; sourceTree = "<group>"; };
		9A873CE218DA347F00471C35 /* itrackmygps-Prefix.pch */ = {isa = PBXFileReference; lastKnownFileType = sourcecode.c.h; path = "itrackmygps-Prefix.pch"; sourceTree = "<group>"; };
		9A873CED18DA347F00471C35 /* XCTest.framework */ = {isa = PBXFileReference; lastKnownFileType = wrapper.framework; name = XCTest.framework; path = Library/Frameworks/XCTest.framework; sourceTree = DEVELOPER_DIR; };
		9AB8B51A18E1AA9700569D92 /* Images.xcassets */ = {isa = PBXFileReference; lastKnownFileType = folder.assetcatalog; path = Images.xcassets; sourceTree = "<group>"; };
		9AB8B51D18E1AB0200569D92 /* AppDelegate.h */ = {isa = PBXFileReference; fileEncoding = 4; lastKnownFileType = sourcecode.c.h; path = AppDelegate.h; sourceTree = "<group>"; };
		9AB8B51E18E1AB0200569D92 /* AppDelegate.m */ = {isa = PBXFileReference; fileEncoding = 4; lastKnownFileType = sourcecode.c.objc; path = AppDelegate.m; sourceTree = "<group>"; };
		9AB8B52118E1AC2400569D92 /* SplashStartupVC.h */ = {isa = PBXFileReference; fileEncoding = 4; lastKnownFileType = sourcecode.c.h; path = SplashStartupVC.h; sourceTree = "<group>"; };
		9AB8B52218E1AC2400569D92 /* SplashStartupVC.m */ = {isa = PBXFileReference; fileEncoding = 4; lastKnownFileType = sourcecode.c.objc; path = SplashStartupVC.m; sourceTree = "<group>"; };
		9AB8B52518E1AC2400569D92 /* SplashStartupVC.xib */ = {isa = PBXFileReference; fileEncoding = 4; lastKnownFileType = file.xib; path = SplashStartupVC.xib; sourceTree = "<group>"; };
/* End PBXFileReference section */

/* Begin PBXFrameworksBuildPhase section */
		9A873CCE18DA347F00471C35 /* Frameworks */ = {
			isa = PBXFrameworksBuildPhase;
			buildActionMask = 2147483647;
			files = (
				9A873CD718DA347F00471C35 /* CoreGraphics.framework in Frameworks */,
				9A873CD918DA347F00471C35 /* UIKit.framework in Frameworks */,
				9A873CD518DA347F00471C35 /* Foundation.framework in Frameworks */,
			);
			runOnlyForDeploymentPostprocessing = 0;
		};
/* End PBXFrameworksBuildPhase section */

/* Begin PBXGroup section */
		9A873CC818DA347F00471C35 = {
			isa = PBXGroup;
			children = (
				9A873CDA18DA347F00471C35 /* itrackmygps */,
				9AB8B51918E1AA9700569D92 /* Resources */,
				9A873CD318DA347F00471C35 /* Frameworks */,
				9A873CD218DA347F00471C35 /* Products */,
			);
			sourceTree = "<group>";
		};
		9A873CD218DA347F00471C35 /* Products */ = {
			isa = PBXGroup;
			children = (
				9A873CD118DA347F00471C35 /* itrackmygps.app */,
			);
			name = Products;
			sourceTree = "<group>";
		};
		9A873CD318DA347F00471C35 /* Frameworks */ = {
			isa = PBXGroup;
			children = (
				9A873CD418DA347F00471C35 /* Foundation.framework */,
				9A873CD618DA347F00471C35 /* CoreGraphics.framework */,
				9A873CD818DA347F00471C35 /* UIKit.framework */,
				9A873CED18DA347F00471C35 /* XCTest.framework */,
			);
			name = Frameworks;
			sourceTree = "<group>";
		};
		9A873CDA18DA347F00471C35 /* itrackmygps */ = {
			isa = PBXGroup;
			children = (
				9AB8B51C18E1AB0200569D92 /* Application */,
				9AB8B52018E1AC2400569D92 /* Controllers */,
				9AB8B52318E1AC2400569D92 /* iPad */,
				9AB8B52418E1AC2400569D92 /* iPhone */,
				9AB8B52618E1AC2400569D92 /* Models */,
				9AB8B52718E1AC2400569D92 /* Support */,
				9AB8B52818E1AC2400569D92 /* Views */,
				9A873CDB18DA347F00471C35 /* SupportingFiles */,
			);
			path = itrackmygps;
			sourceTree = "<group>";
		};
		9A873CDB18DA347F00471C35 /* SupportingFiles */ = {
			isa = PBXGroup;
			children = (
				9A873CDC18DA347F00471C35 /* itrackmygps-Info.plist */,
				9A873CDD18DA347F00471C35 /* InfoPlist.strings */,
				9A873CE018DA347F00471C35 /* main.m */,
				9A873CE218DA347F00471C35 /* itrackmygps-Prefix.pch */,
			);
			path = SupportingFiles;
			sourceTree = "<group>";
		};
		9AB8B51918E1AA9700569D92 /* Resources */ = {
			isa = PBXGroup;
			children = (
				9AB8B51A18E1AA9700569D92 /* Images.xcassets */,
			);
			path = Resources;
			sourceTree = SOURCE_ROOT;
		};
		9AB8B51C18E1AB0200569D92 /* Application */ = {
			isa = PBXGroup;
			children = (
				9AB8B51D18E1AB0200569D92 /* AppDelegate.h */,
				9AB8B51E18E1AB0200569D92 /* AppDelegate.m */,
			);
			path = Application;
			sourceTree = "<group>";
		};
		9AB8B52018E1AC2400569D92 /* Controllers */ = {
			isa = PBXGroup;
			children = (
				9AB8B52118E1AC2400569D92 /* SplashStartupVC.h */,
				9AB8B52218E1AC2400569D92 /* SplashStartupVC.m */,
			);
			path = Controllers;
			sourceTree = "<group>";
		};
		9AB8B52318E1AC2400569D92 /* iPad */ = {
			isa = PBXGroup;
			children = (
			);
			path = iPad;
			sourceTree = "<group>";
		};
		9AB8B52418E1AC2400569D92 /* iPhone */ = {
			isa = PBXGroup;
			children = (
				9AB8B52518E1AC2400569D92 /* SplashStartupVC.xib */,
			);
			path = iPhone;
			sourceTree = "<group>";
		};
		9AB8B52618E1AC2400569D92 /* Models */ = {
			isa = PBXGroup;
			children = (
			);
			path = Models;
			sourceTree = "<group>";
		};
		9AB8B52718E1AC2400569D92 /* Support */ = {
			isa = PBXGroup;
			children = (
			);
			path = Support;
			sourceTree = "<group>";
		};
		9AB8B52818E1AC2400569D92 /* Views */ = {
			isa = PBXGroup;
			children = (
			);
			path = Views;
			sourceTree = "<group>";
		};
/* End PBXGroup section */

/* Begin PBXNativeTarget section */
		9A873CD018DA347F00471C35 /* itrackmygps */ = {
			isa = PBXNativeTarget;
			buildConfigurationList = 9A873CFD18DA348000471C35 /* Build configuration list for PBXNativeTarget "itrackmygps" */;
			buildPhases = (
				9A873CCD18DA347F00471C35 /* Sources */,
				9A873CCE18DA347F00471C35 /* Frameworks */,
				9A873CCF18DA347F00471C35 /* Resources */,
			);
			buildRules = (
			);
			dependencies = (
			);
			name = itrackmygps;
			productName = itrackmygps;
			productReference = 9A873CD118DA347F00471C35 /* itrackmygps.app */;
			productType = "com.apple.product-type.application";
		};
/* End PBXNativeTarget section */

/* Begin PBXProject section */
		9A873CC918DA347F00471C35 /* Project object */ = {
			isa = PBXProject;
			attributes = {
				LastUpgradeCheck = 0510;
				ORGANIZATIONNAME = "2RMobile Pty Ltd";
				TargetAttributes = {
					9A873CD018DA347F00471C35 = {
						DevelopmentTeam = LV4B25HQCM;
					};
				};
			};
			buildConfigurationList = 9A873CCC18DA347F00471C35 /* Build configuration list for PBXProject "itrackmygps" */;
			compatibilityVersion = "Xcode 3.2";
			developmentRegion = English;
			hasScannedForEncodings = 0;
			knownRegions = (
				en,
			);
			mainGroup = 9A873CC818DA347F00471C35;
			productRefGroup = 9A873CD218DA347F00471C35 /* Products */;
			projectDirPath = "";
			projectRoot = "";
			targets = (
				9A873CD018DA347F00471C35 /* itrackmygps */,
			);
		};
/* End PBXProject section */

/* Begin PBXResourcesBuildPhase section */
		9A873CCF18DA347F00471C35 /* Resources */ = {
			isa = PBXResourcesBuildPhase;
			buildActionMask = 2147483647;
			files = (
				9A873CDF18DA347F00471C35 /* InfoPlist.strings in Resources */,
				9AB8B52A18E1AC2400569D92 /* SplashStartupVC.xib in Resources */,
				9AB8B51B18E1AA9700569D92 /* Images.xcassets in Resources */,
			);
			runOnlyForDeploymentPostprocessing = 0;
		};
/* End PBXResourcesBuildPhase section */

/* Begin PBXSourcesBuildPhase section */
		9A873CCD18DA347F00471C35 /* Sources */ = {
			isa = PBXSourcesBuildPhase;
			buildActionMask = 2147483647;
			files = (
				9AB8B51F18E1AB0200569D92 /* AppDelegate.m in Sources */,
				9AB8B52918E1AC2400569D92 /* SplashStartupVC.m in Sources */,
				9A873CE118DA347F00471C35 /* main.m in Sources */,
			);
			runOnlyForDeploymentPostprocessing = 0;
		};
/* End PBXSourcesBuildPhase section */

/* Begin PBXVariantGroup section */
		9A873CDD18DA347F00471C35 /* InfoPlist.strings */ = {
			isa = PBXVariantGroup;
			children = (
				9A873CDE18DA347F00471C35 /* en */,
			);
			name = InfoPlist.strings;
			sourceTree = "<group>";
		};
/* End PBXVariantGroup section */

/* Begin XCBuildConfiguration section */
		9A873CFB18DA348000471C35 /* Debug */ = {
			isa = XCBuildConfiguration;
			buildSettings = {
				ALWAYS_SEARCH_USER_PATHS = NO;
				CLANG_CXX_LANGUAGE_STANDARD = "gnu++0x";
				CLANG_CXX_LIBRARY = "libc++";
				CLANG_ENABLE_MODULES = YES;
				CLANG_ENABLE_OBJC_ARC = YES;
				CLANG_WARN_BOOL_CONVERSION = YES;
				CLANG_WARN_CONSTANT_CONVERSION = YES;
				CLANG_WARN_DIRECT_OBJC_ISA_USAGE = YES_ERROR;
				CLANG_WARN_EMPTY_BODY = YES;
				CLANG_WARN_ENUM_CONVERSION = YES;
				CLANG_WARN_INT_CONVERSION = YES;
				CLANG_WARN_OBJC_ROOT_CLASS = YES_ERROR;
				CLANG_WARN__DUPLICATE_METHOD_MATCH = YES;
				"CODE_SIGN_IDENTITY[sdk=iphoneos*]" = "iPhone Developer";
				COPY_PHASE_STRIP = NO;
				GCC_C_LANGUAGE_STANDARD = gnu99;
				GCC_DYNAMIC_NO_PIC = NO;
				GCC_OPTIMIZATION_LEVEL = 0;
				GCC_PREPROCESSOR_DEFINITIONS = (
					"DEBUG=1",
					"$(inherited)",
				);
				GCC_SYMBOLS_PRIVATE_EXTERN = NO;
				GCC_WARN_64_TO_32_BIT_CONVERSION = YES;
				GCC_WARN_ABOUT_RETURN_TYPE = YES_ERROR;
				GCC_WARN_UNDECLARED_SELECTOR = YES;
				GCC_WARN_UNINITIALIZED_AUTOS = YES_AGGRESSIVE;
				GCC_WARN_UNUSED_FUNCTION = YES;
				GCC_WARN_UNUSED_VARIABLE = YES;
				IPHONEOS_DEPLOYMENT_TARGET = 7.1;
				ONLY_ACTIVE_ARCH = YES;
				SDKROOT = iphoneos;
				TARGETED_DEVICE_FAMILY = "1,2";
			};
			name = Debug;
		};
		9A873CFC18DA348000471C35 /* Release */ = {
			isa = XCBuildConfiguration;
			buildSettings = {
				ALWAYS_SEARCH_USER_PATHS = NO;
				CLANG_CXX_LANGUAGE_STANDARD = "gnu++0x";
				CLANG_CXX_LIBRARY = "libc++";
				CLANG_ENABLE_MODULES = YES;
				CLANG_ENABLE_OBJC_ARC = YES;
				CLANG_WARN_BOOL_CONVERSION = YES;
				CLANG_WARN_CONSTANT_CONVERSION = YES;
				CLANG_WARN_DIRECT_OBJC_ISA_USAGE = YES_ERROR;
				CLANG_WARN_EMPTY_BODY = YES;
				CLANG_WARN_ENUM_CONVERSION = YES;
				CLANG_WARN_INT_CONVERSION = YES;
				CLANG_WARN_OBJC_ROOT_CLASS = YES_ERROR;
				CLANG_WARN__DUPLICATE_METHOD_MATCH = YES;
				"CODE_SIGN_IDENTITY[sdk=iphoneos*]" = "iPhone Developer";
				COPY_PHASE_STRIP = YES;
				ENABLE_NS_ASSERTIONS = NO;
				GCC_C_LANGUAGE_STANDARD = gnu99;
				GCC_WARN_64_TO_32_BIT_CONVERSION = YES;
				GCC_WARN_ABOUT_RETURN_TYPE = YES_ERROR;
				GCC_WARN_UNDECLARED_SELECTOR = YES;
				GCC_WARN_UNINITIALIZED_AUTOS = YES_AGGRESSIVE;
				GCC_WARN_UNUSED_FUNCTION = YES;
				GCC_WARN_UNUSED_VARIABLE = YES;
				IPHONEOS_DEPLOYMENT_TARGET = 7.1;
				ONLY_ACTIVE_ARCH = YES;
				SDKROOT = iphoneos;
				TARGETED_DEVICE_FAMILY = "1,2";
				VALIDATE_PRODUCT = YES;
			};
			name = Release;
		};
		9A873CFE18DA348000471C35 /* Debug */ = {
			isa = XCBuildConfiguration;
			buildSettings = {
				ASSETCATALOG_COMPILER_APPICON_NAME = AppIcon;
				ASSETCATALOG_COMPILER_LAUNCHIMAGE_NAME = LaunchImage;
				CODE_SIGN_IDENTITY = "iPhone Developer";
				"CODE_SIGN_IDENTITY[sdk=iphoneos*]" = "iPhone Developer";
				GCC_PRECOMPILE_PREFIX_HEADER = YES;
				GCC_PREFIX_HEADER = "itrackmygps/SupportingFiles/itrackmygps-Prefix.pch";
				INFOPLIST_FILE = "itrackmygps/SupportingFiles/itrackmygps-Info.plist";
				PRODUCT_NAME = "$(TARGET_NAME)";
				PROVISIONING_PROFILE = "A1CB3DD9-AEC3-45BC-BC59-E5DF5E895C03";
				WRAPPER_EXTENSION = app;
			};
			name = Debug;
		};
		9A873CFF18DA348000471C35 /* Release */ = {
			isa = XCBuildConfiguration;
			buildSettings = {
				ASSETCATALOG_COMPILER_APPICON_NAME = AppIcon;
				ASSETCATALOG_COMPILER_LAUNCHIMAGE_NAME = LaunchImage;
				CODE_SIGN_IDENTITY = "iPhone Developer";
				"CODE_SIGN_IDENTITY[sdk=iphoneos*]" = "iPhone Developer";
				GCC_PRECOMPILE_PREFIX_HEADER = YES;
				GCC_PREFIX_HEADER = "itrackmygps/SupportingFiles/itrackmygps-Prefix.pch";
				INFOPLIST_FILE = "itrackmygps/SupportingFiles/itrackmygps-Info.plist";
				PRODUCT_NAME = "$(TARGET_NAME)";
				PROVISIONING_PROFILE = "F9FA9991-3A94-4E21-8332-75227ABE0BC3";
				WRAPPER_EXTENSION = app;
			};
			name = Release;
		};
/* End XCBuildConfiguration section */

/* Begin XCConfigurationList section */
		9A873CCC18DA347F00471C35 /* Build configuration list for PBXProject "itrackmygps" */ = {
			isa = XCConfigurationList;
			buildConfigurations = (
				9A873CFB18DA348000471C35 /* Debug */,
				9A873CFC18DA348000471C35 /* Release */,
			);
			defaultConfigurationIsVisible = 0;
			defaultConfigurationName = Release;
		};
		9A873CFD18DA348000471C35 /* Build configuration list for PBXNativeTarget "itrackmygps" */ = {
			isa = XCConfigurationList;
			buildConfigurations = (
				9A873CFE18DA348000471C35 /* Debug */,
				9A873CFF18DA348000471C35 /* Release */,
			);
			defaultConfigurationIsVisible = 0;
			defaultConfigurationName = Release;
		};
/* End XCConfigurationList section */
	};
	rootObject = 9A873CC918DA347F00471C35 /* Project object */;
}
